
Microsoft Visual Studio Solution File, Format Version 12.00
# Visual Studio Version 16
VisualStudioVersion = 16.0.32126.315
MinimumVisualStudioVersion = 10.0.40219.1
Project("{FAE04EC0-301F-11D3-BF4B-00C04F79EFBC}") = "RevitAPITraining34", "RevitAPITraining34\RevitAPITraining34.csproj", "{A65286C9-D9BE-4686-B379-6950675FED58}"
EndProject
Global
	GlobalSection(SolutionConfigurationPlatforms) = preSolution
		Debug|Any CPU = Debug|Any CPU
		Release|Any CPU = Release|Any CPU
	EndGlobalSection
	GlobalSection(ProjectConfigurationPlatforms) = postSolution
		{A65286C9-D9BE-4686-B379-6950675FED58}.Debug|Any CPU.ActiveCfg = Debug|Any CPU
		{A65286C9-D9BE-4686-B379-6950675FED58}.Debug|Any CPU.Build.0 = Debug|Any CPU
		{A65286C9-D9BE-4686-B379-6950675FED58}.Release|Any CPU.ActiveCfg = Release|Any CPU
		{A65286C9-D9BE-4686-B379-6950675FED58}.Release|Any CPU.Build.0 = Release|Any CPU
	EndGlobalSection
	GlobalSection(SolutionProperties) = preSolution
		HideSolutionNode = FALSE
	EndGlobalSection
	GlobalSection(ExtensibilityGlobals) = postSolution
		SolutionGuid = {C1DBD221-6559-4E2A-AFA9-11C6F729A78E}
	EndGlobalSection
EndGlobal
